
Microsoft Visual Studio Solution File, Format Version 12.00
# Visual Studio Version 17
VisualStudioVersion = 17.13.35931.197 d17.13
MinimumVisualStudioVersion = 10.0.40219.1
Project("{FAE04EC0-301F-11D3-BF4B-00C04F79EFBC}") = "IdentityChatEmailNight", "IdentityChatEmailNight\IdentityChatEmailNight.csproj", "{88CD6512-B2A8-419F-9DE6-7D2E31462ABE}"
EndProject
Global
	GlobalSection(SolutionConfigurationPlatforms) = preSolution
		Debug|Any CPU = Debug|Any CPU
		Release|Any CPU = Release|Any CPU
	EndGlobalSection
	GlobalSection(ProjectConfigurationPlatforms) = postSolution
		{88CD6512-B2A8-419F-9DE6-7D2E31462ABE}.Debug|Any CPU.ActiveCfg = Debug|Any CPU
		{88CD6512-B2A8-419F-9DE6-7D2E31462ABE}.Debug|Any CPU.Build.0 = Debug|Any CPU
		{88CD6512-B2A8-419F-9DE6-7D2E31462ABE}.Release|Any CPU.ActiveCfg = Release|Any CPU
		{88CD6512-B2A8-419F-9DE6-7D2E31462ABE}.Release|Any CPU.Build.0 = Release|Any CPU
	EndGlobalSection
	GlobalSection(SolutionProperties) = preSolution
		HideSolutionNode = FALSE
	EndGlobalSection
	GlobalSection(ExtensibilityGlobals) = postSolution
		SolutionGuid = {5C6BA9AA-04A4-4830-AFB9-D6F62FE4EACA}
	EndGlobalSection
EndGlobal
